{
  "name": "@ruhneb/common1",
  "version": "1.0.0",
  "lockfileVersion": 3,
  "requires": true,
  "packages": {
    "": {
      "name": "@ruhneb/common1",
      "version": "1.0.0",
      "license": "ISC",
      "dependencies": {
        "@ruhneb/common1": "^1.0.0",
        "zod": "^3.22.4"
      }
    },
    "node_modules/@ruhneb/common1": {
      "version": "1.0.0",
      "resolved": "https://registry.npmjs.org/@ruhneb/common1/-/common1-1.0.0.tgz",
      "integrity": "sha512-2+hM+I9DNOXZ+8UK42Z6ZUeRsN+cRSn4i1WaFMhFboZw9bGWCdqp2HmC/oKhf1HGpwoaUowc1fb8CcHKmCN6zw==",
      "dependencies": {
        "zod": "^3.22.4"
      }
    },
    "node_modules/zod": {
      "version": "3.22.4",
      "resolved": "https://registry.npmjs.org/zod/-/zod-3.22.4.tgz",
      "integrity": "sha512-iC+8Io04lddc+mVqQ9AZ7OQ2MrUKGN+oIQyq1vemgt46jwCwLfhq7/pwnBnNXXXZb8VTVLKwp9EDkx+ryxIWmg==",
      "funding": {
        "url": "https://github.com/sponsors/colinhacks"
      }
    }
  }
}
